<Solution>
  <Folder Name="/src/" />
  <Folder Name="/src/Gateway/">
    <Project Path="src/Gateway/ApiGateway/ApiGateway.csproj" Id="ad97fdc3-7086-4815-bad4-11ba6a43dd32" />
  </Folder>
  <Folder Name="/src/Services/" />
  <Folder Name="/src/Services/Auth/">
    <Project Path="src/Services/Auth/Application/Auth.Application.csproj" />
    <Project Path="src/Services/Auth/Domain/Auth.Domain.csproj" />
    <Project Path="src/Services/Auth/Infrastructure/Auth.Infrastructure.csproj" />
    <Project Path="src/Services/Auth/WebAPI/Auth.WebAPI.csproj" />
  </Folder>
  <Folder Name="/src/Services/Products/">
    <Project Path="src/Services/Products/Application/Products.Application.csproj" Id="ede6bb62-fb11-48cf-9d4f-db21e281228f" />
    <Project Path="src/Services/Products/Domain/Products.Domain.csproj" Id="d86aea99-2dfc-4bba-8e2d-6a1edaf00a95" />
    <Project Path="src/Services/Products/Infrastructure/Products.Infrastructure.csproj" Id="9189fe3b-50c8-4940-bfea-6a665c769f79" />
    <Project Path="src/Services/Products/WebAPI/Products.WebAPI.csproj" Id="abf634f0-4640-4de0-9621-63d83bf08ff9" />
  </Folder>
  <Folder Name="/src/Shared/" />
</Solution>
